
Microsoft Visual Studio Solution File, Format Version 12.00
# Visual Studio Version 17
VisualStudioVersion = 17.6.33829.357
MinimumVisualStudioVersion = 10.0.40219.1
Project("{FAE04EC0-301F-11D3-BF4B-00C04F79EFBC}") = "1S2K", "Bp\1S2K.csproj", "{45C1144A-3F5D-4050-9944-A6DB42348119}"
EndProject
Global
	GlobalSection(SolutionConfigurationPlatforms) = preSolution
		Debug|Any CPU = Debug|Any CPU
		Release|Any CPU = Release|Any CPU
	EndGlobalSection
	GlobalSection(ProjectConfigurationPlatforms) = postSolution
		{45C1144A-3F5D-4050-9944-A6DB42348119}.Debug|Any CPU.ActiveCfg = Debug|Any CPU
		{45C1144A-3F5D-4050-9944-A6DB42348119}.Debug|Any CPU.Build.0 = Debug|Any CPU
		{45C1144A-3F5D-4050-9944-A6DB42348119}.Release|Any CPU.ActiveCfg = Release|Any CPU
		{45C1144A-3F5D-4050-9944-A6DB42348119}.Release|Any CPU.Build.0 = Release|Any CPU
	EndGlobalSection
	GlobalSection(SolutionProperties) = preSolution
		HideSolutionNode = FALSE
	EndGlobalSection
	GlobalSection(ExtensibilityGlobals) = postSolution
		SolutionGuid = {1B5818B8-F43B-48FD-8E57-6EA03D75F39E}
	EndGlobalSection
EndGlobal
